
Microsoft Visual Studio Solution File, Format Version 12.00
# Visual Studio 15
VisualStudioVersion = 15.0.27130.2036
MinimumVisualStudioVersion = 10.0.40219.1
Project("{FAE04EC0-301F-11D3-BF4B-00C04F79EFBC}") = "Market Otomasyonu", "Market Otomasyonu\Market Otomasyonu.csproj", "{AE4569B3-42A5-4392-9A16-369409499803}"
EndProject
Global
	GlobalSection(SolutionConfigurationPlatforms) = preSolution
		Debug|Any CPU = Debug|Any CPU
		Release|Any CPU = Release|Any CPU
	EndGlobalSection
	GlobalSection(ProjectConfigurationPlatforms) = postSolution
		{AE4569B3-42A5-4392-9A16-369409499803}.Debug|Any CPU.ActiveCfg = Debug|Any CPU
		{AE4569B3-42A5-4392-9A16-369409499803}.Debug|Any CPU.Build.0 = Debug|Any CPU
		{AE4569B3-42A5-4392-9A16-369409499803}.Release|Any CPU.ActiveCfg = Release|Any CPU
		{AE4569B3-42A5-4392-9A16-369409499803}.Release|Any CPU.Build.0 = Release|Any CPU
	EndGlobalSection
	GlobalSection(SolutionProperties) = preSolution
		HideSolutionNode = FALSE
	EndGlobalSection
	GlobalSection(ExtensibilityGlobals) = postSolution
		SolutionGuid = {283D6614-5E70-40C8-A019-C95A5F658CEE}
	EndGlobalSection
EndGlobal
